<?xml version="1.0" encoding="utf-8"?>
<Project ToolsVersion="4.0" xmlns="http://schemas.microsoft.com/developer/msbuild/2003">
  <ItemGroup>
    <Filter Include="Source Files">
      <UniqueIdentifier>{4FC737F1-C7A5-4376-A066-2A32D752A2FF}</UniqueIdentifier>
      <Extensions>cpp;c;cc;cxx;c++;cppm;ixx;def;odl;idl;hpj;bat;asm;asmx</Extensions>
    </Filter>
    <Filter Include="Resource Files">
      <UniqueIdentifier>{67DA6AB6-F800-4c08-8B7A-83BB121AAD01}</UniqueIdentifier>
      <Extensions>rc;ico;cur;bmp;dlg;rc2;rct;bin;rgs;gif;jpg;jpeg;jpe;resx;tiff;tif;png;wav;mfcribbon-ms</Extensions>
    </Filter>
    <Filter Include="Common">
      <UniqueIdentifier>{276c8e8a-cf12-48b7-a204-eb1deb9d254f}</UniqueIdentifier>
    </Filter>
    <Filter Include="Debug">
      <UniqueIdentifier>{35ee38cb-aa5c-4a72-8d3a-71695a5e84f4}</UniqueIdentifier>
    </Filter>
    <Filter Include="TrussFEM">
      <UniqueIdentifier>{0c7367ac-9ea7-49e1-80d7-ac3d9b917c07}</UniqueIdentifier>
    </Filter>
    <Filter Include="Common\Geometric">
      <UniqueIdentifier>{39c4b11e-b587-4078-91ca-f5adad06b160}</UniqueIdentifier>
    </Filter>
    <Filter Include="ImGui">
      <UniqueIdentifier>{d321cde7-4e12-41c6-9e85-dd592f28b3b9}</UniqueIdentifier>
    </Filter>
    <Filter Include="ImGui\misc">
      <UniqueIdentifier>{8ae54188-e379-4743-bc02-33113672b321}</UniqueIdentifier>
    </Filter>
    <Filter Include="ImGui\backends">
      <UniqueIdentifier>{db561606-0550-4c9e-97ec-5ea577d8474b}</UniqueIdentifier>
    </Filter>
    <Filter Include="Gui">
      <UniqueIdentifier>{1e1ebf54-7440-42cd-8352-3b0903ebef71}</UniqueIdentifier>
    </Filter>
    <Filter Include="Gui\Components">
      <UniqueIdentifier>{e1ca59b5-45cf-4540-8a8f-413ebf37ad61}</UniqueIdentifier>
    </Filter>
    <Filter Include="Gui\Framework">
      <UniqueIdentifier>{48d69a52-1411-4c1f-acab-f177b5a46716}</UniqueIdentifier>
    </Filter>
    <Filter Include="ImGui\Extension">
      <UniqueIdentifier>{1f1cfe0e-467d-41f5-a1f9-f5749446b3f0}</UniqueIdentifier>
    </Filter>
    <Filter Include="Gui\Commands">
      <UniqueIdentifier>{5e0fe1ff-329e-4f9c-8e2c-4c221ec3f703}</UniqueIdentifier>
    </Filter>
    <Filter Include="Gui\Framework\CommandLine">
      <UniqueIdentifier>{f5d3ae8b-ca7e-4728-add8-5f5461bf2549}</UniqueIdentifier>
    </Filter>
  </ItemGroup>
  <ItemGroup>
    <ClCompile Include="src\main.cpp">
      <Filter>Source Files</Filter>
    </ClCompile>
    <ClCompile Include="src\node.cpp">
      <Filter>TrussFEM</Filter>
    </ClCompile>
    <ClCompile Include="src\element.cpp">
      <Filter>TrussFEM</Filter>
    </ClCompile>
    <ClCompile Include="src\Debug\debug.cpp">
      <Filter>Debug</Filter>
    </ClCompile>
    <ClCompile Include="src\Common\utilities.cpp">
      <Filter>Common</Filter>
    </ClCompile>
    <ClCompile Include="src\common\arithmetic.cpp">
      <Filter>Common</Filter>
    </ClCompile>
    <ClCompile Include="src\project.cpp">
      <Filter>Source Files</Filter>
    </ClCompile>
    <ClCompile Include="src\common\geom\angle.cpp">
      <Filter>Common\Geometric</Filter>
    </ClCompile>
    <ClCompile Include="src\common\geom\coordinate_system.cpp">
      <Filter>Common\Geometric</Filter>
    </ClCompile>
    <ClCompile Include="src\imgui\imgui_demo.cpp">
      <Filter>ImGui</Filter>
    </ClCompile>
    <ClCompile Include="src\imgui\imgui_draw.cpp">
      <Filter>ImGui</Filter>
    </ClCompile>
    <ClCompile Include="src\imgui\imgui_tables.cpp">
      <Filter>ImGui</Filter>
    </ClCompile>
    <ClCompile Include="src\imgui\imgui_widgets.cpp">
      <Filter>ImGui</Filter>
    </ClCompile>
    <ClCompile Include="src\imgui\imgui.cpp">
      <Filter>ImGui</Filter>
    </ClCompile>
    <ClCompile Include="src\imgui\misc\freetype\imgui_freetype.cpp">
      <Filter>ImGui\misc</Filter>
    </ClCompile>
    <ClCompile Include="src\imgui\backends\imgui_impl_glfw.cpp">
      <Filter>ImGui\backends</Filter>
    </ClCompile>
    <ClCompile Include="src\imgui\backends\imgui_impl_opengl3.cpp">
      <Filter>ImGui\backends</Filter>
    </ClCompile>
    <ClCompile Include="src\gui\comp\workspace.cpp">
      <Filter>Gui\Components</Filter>
    </ClCompile>
    <ClCompile Include="src\gui\comp\log_window.cpp">
      <Filter>Gui\Components</Filter>
    </ClCompile>
    <ClCompile Include="src\gui\truss_app.cpp">
      <Filter>Gui</Filter>
    </ClCompile>
    <ClCompile Include="src\imgui\misc\cpp\imgui_stdlib.cpp">
      <Filter>ImGui\misc</Filter>
    </ClCompile>
    <ClCompile Include="src\imgui_extension\imgui_extension.cpp">
      <Filter>ImGui\Extension</Filter>
    </ClCompile>
    <ClCompile Include="src\common\uuid.cpp">
      <Filter>Common\Geometric</Filter>
    </ClCompile>
    <ClCompile Include="src\gui\framework\base_command.cpp">
      <Filter>Gui\Framework\CommandLine</Filter>
    </ClCompile>
    <ClCompile Include="src\gui\framework\option.cpp">
      <Filter>Gui\Framework\CommandLine</Filter>
    </ClCompile>
    <ClCompile Include="src\gui\commands\test_command.cpp">
      <Filter>Gui\Commands</Filter>
    </ClCompile>
    <ClCompile Include="src\gui\commands\command_manager.cpp">
      <Filter>Gui\Commands</Filter>
    </ClCompile>
    <ClCompile Include="src\gui\framework\quick_command.cpp">
      <Filter>Gui\Framework\CommandLine</Filter>
    </ClCompile>
    <ClCompile Include="src\gui\commands\cs_command.cpp">
      <Filter>Gui\Commands</Filter>
    </ClCompile>
  </ItemGroup>
  <ItemGroup>
    <ClInclude Include="src\node.h">
      <Filter>TrussFEM</Filter>
    </ClInclude>
    <ClInclude Include="src\element.h">
      <Filter>TrussFEM</Filter>
    </ClInclude>
    <ClInclude Include="src\Debug\debug.h">
      <Filter>Debug</Filter>
    </ClInclude>
    <ClInclude Include="src\common\arithmetic.h">
      <Filter>Common</Filter>
    </ClInclude>
    <ClInclude Include="src\Common\utilities.h">
      <Filter>Common</Filter>
    </ClInclude>
    <ClInclude Include="src\project.h">
      <Filter>Source Files</Filter>
    </ClInclude>
    <ClInclude Include="src\common\geom\angle.h">
      <Filter>Common\Geometric</Filter>
    </ClInclude>
    <ClInclude Include="src\common\geom\coordinate_system.h">
      <Filter>Common\Geometric</Filter>
    </ClInclude>
    <ClInclude Include="src\common\geom\point.h">
      <Filter>Common\Geometric</Filter>
    </ClInclude>
    <ClInclude Include="src\imconfig.h">
      <Filter>ImGui</Filter>
    </ClInclude>
    <ClInclude Include="src\imgui\imgui.h">
      <Filter>ImGui</Filter>
    </ClInclude>
    <ClInclude Include="src\imgui\imgui_internal.h">
      <Filter>ImGui</Filter>
    </ClInclude>
    <ClInclude Include="src\imgui\imstb_rectpack.h">
      <Filter>ImGui</Filter>
    </ClInclude>
    <ClInclude Include="src\imgui\imstb_textedit.h">
      <Filter>ImGui</Filter>
    </ClInclude>
    <ClInclude Include="src\imgui\imstb_truetype.h">
      <Filter>ImGui</Filter>
    </ClInclude>
    <ClInclude Include="src\imgui\misc\freetype\imgui_freetype.h">
      <Filter>ImGui\misc</Filter>
    </ClInclude>
    <ClInclude Include="src\imgui\backends\imgui_impl_glfw.h">
      <Filter>ImGui\backends</Filter>
    </ClInclude>
    <ClInclude Include="src\imgui\backends\imgui_impl_opengl3.h">
      <Filter>ImGui\backends</Filter>
    </ClInclude>
    <ClInclude Include="src\imgui\backends\imgui_impl_opengl3_loader.h">
      <Filter>ImGui\backends</Filter>
    </ClInclude>
    <ClInclude Include="src\gui\comp\workspace.h">
      <Filter>Gui\Components</Filter>
    </ClInclude>
    <ClInclude Include="src\gui\comp\log_window.h">
      <Filter>Gui\Components</Filter>
    </ClInclude>
    <ClInclude Include="src\gui\framework\application.h">
      <Filter>Gui\Framework</Filter>
    </ClInclude>
    <ClInclude Include="src\gui\framework\base_component.h">
      <Filter>Gui\Framework</Filter>
    </ClInclude>
    <ClInclude Include="src\gui\framework\component_manager.h">
      <Filter>Gui\Framework</Filter>
    </ClInclude>
    <ClInclude Include="src\gui\truss_app.h">
      <Filter>Gui</Filter>
    </ClInclude>
    <ClInclude Include="src\imgui\misc\cpp\imgui_stdlib.h">
      <Filter>ImGui\misc</Filter>
    </ClInclude>
    <ClInclude Include="src\imgui_extension\imgui_extension.h">
      <Filter>ImGui\Extension</Filter>
    </ClInclude>
    <ClInclude Include="src\common\uuid.h">
      <Filter>Common\Geometric</Filter>
    </ClInclude>
    <ClInclude Include="src\gui\framework\base_command.h">
      <Filter>Gui\Framework\CommandLine</Filter>
    </ClInclude>
    <ClInclude Include="src\gui\framework\command_manager_base.h">
      <Filter>Gui\Framework\CommandLine</Filter>
    </ClInclude>
    <ClInclude Include="src\gui\framework\option.h">
      <Filter>Gui\Framework\CommandLine</Filter>
    </ClInclude>
    <ClInclude Include="src\gui\commands\test_command.h">
      <Filter>Gui\Commands</Filter>
    </ClInclude>
    <ClInclude Include="src\gui\commands\command_manager.h">
      <Filter>Gui\Commands</Filter>
    </ClInclude>
    <ClInclude Include="src\gui\framework\command.h">
      <Filter>Gui\Framework\CommandLine</Filter>
    </ClInclude>
    <ClInclude Include="src\gui\framework\quick_command.h">
      <Filter>Gui\Framework\CommandLine</Filter>
    </ClInclude>
    <ClInclude Include="src\gui\commands\cs_command.h">
      <Filter>Gui\Commands</Filter>
    </ClInclude>
  </ItemGroup>
</Project>